// !$*UTF8*$!
{
	archiveVersion = 1;
	classes = {
	};
	objectVersion = 50;
	objects = {

/* Begin PBXBuildFile section */
		9B0A92B423632789006BC11D /* AppDelegate.swift in Sources */ = {isa = PBXBuildFile; fileRef = 9B0A92B323632789006BC11D /* AppDelegate.swift */; };
		9B0A92B623632789006BC11D /* ViewController.swift in Sources */ = {isa = PBXBuildFile; fileRef = 9B0A92B523632789006BC11D /* ViewController.swift */; };
		9B0A92B923632789006BC11D /* Main.storyboard in Resources */ = {isa = PBXBuildFile; fileRef = 9B0A92B723632789006BC11D /* Main.storyboard */; };
		9B0A92BB2363278A006BC11D /* Assets.xcassets in Resources */ = {isa = PBXBuildFile; fileRef = 9B0A92BA2363278A006BC11D /* Assets.xcassets */; };
		9B0A92BE2363278A006BC11D /* LaunchScreen.storyboard in Resources */ = {isa = PBXBuildFile; fileRef = 9B0A92BC2363278A006BC11D /* LaunchScreen.storyboard */; };
		9B6F0B6023687B1A00EDC31A /* AboutViewController.swift in Sources */ = {isa = PBXBuildFile; fileRef = 9B6F0B5F23687B1A00EDC31A /* AboutViewController.swift */; };
		9B6F0B622368840B00EDC31A /* BullsEye.html in Resources */ = {isa = PBXBuildFile; fileRef = 9B6F0B612368840B00EDC31A /* BullsEye.html */; };
/* End PBXBuildFile section */

/* Begin PBXFileReference section */
		9B0A92B023632789006BC11D /* BullEye.app */ = {isa = PBXFileReference; explicitFileType = wrapper.application; includeInIndex = 0; path = BullEye.app; sourceTree = BUILT_PRODUCTS_DIR; };
		9B0A92B323632789006BC11D /* AppDelegate.swift */ = {isa = PBXFileReference; lastKnownFileType = sourcecode.swift; path = AppDelegate.swift; sourceTree = "<group>"; };
		9B0A92B523632789006BC11D /* ViewController.swift */ = {isa = PBXFileReference; lastKnownFileType = sourcecode.swift; path = ViewController.swift; sourceTree = "<group>"; };
		9B0A92B823632789006BC11D /* Base */ = {isa = PBXFileReference; lastKnownFileType = file.storyboard; name = Base; path = Base.lproj/Main.storyboard; sourceTree = "<group>"; };
		9B0A92BA2363278A006BC11D /* Assets.xcassets */ = {isa = PBXFileReference; lastKnownFileType = folder.assetcatalog; path = Assets.xcassets; sourceTree = "<group>"; };
		9B0A92BD2363278A006BC11D /* Base */ = {isa = PBXFileReference; lastKnownFileType = file.storyboard; name = Base; path = Base.lproj/LaunchScreen.storyboard; sourceTree = "<group>"; };
		9B0A92BF2363278A006BC11D /* Info.plist */ = {isa = PBXFileReference; lastKnownFileType = text.plist.xml; path = Info.plist; sourceTree = "<group>"; };
		9B6F0B5F23687B1A00EDC31A /* AboutViewController.swift */ = {isa = PBXFileReference; lastKnownFileType = sourcecode.swift; path = AboutViewController.swift; sourceTree = "<group>"; };
		9B6F0B612368840B00EDC31A /* BullsEye.html */ = {isa = PBXFileReference; fileEncoding = 4; lastKnownFileType = text.html; name = BullsEye.html; path = "../../iOS_Apprentice_v6.0_第六版/getting-started/Resources/BullsEye.html"; sourceTree = "<group>"; };
/* End PBXFileReference section */

/* Begin PBXFrameworksBuildPhase section */
		9B0A92AD23632789006BC11D /* Frameworks */ = {
			isa = PBXFrameworksBuildPhase;
			buildActionMask = 2147483647;
			files = (
			);
			runOnlyForDeploymentPostprocessing = 0;
		};
/* End PBXFrameworksBuildPhase section */

/* Begin PBXGroup section */
		9B0A92A723632789006BC11D = {
			isa = PBXGroup;
			children = (
				9B0A92B223632789006BC11D /* BullEye */,
				9B0A92B123632789006BC11D /* Products */,
			);
			sourceTree = "<group>";
		};
		9B0A92B123632789006BC11D /* Products */ = {
			isa = PBXGroup;
			children = (
				9B0A92B023632789006BC11D /* BullEye.app */,
			);
			name = Products;
			sourceTree = "<group>";
		};
		9B0A92B223632789006BC11D /* BullEye */ = {
			isa = PBXGroup;
			children = (
				9B0A92B323632789006BC11D /* AppDelegate.swift */,
				9B0A92B523632789006BC11D /* ViewController.swift */,
				9B0A92B723632789006BC11D /* Main.storyboard */,
				9B0A92BA2363278A006BC11D /* Assets.xcassets */,
				9B0A92BC2363278A006BC11D /* LaunchScreen.storyboard */,
				9B0A92BF2363278A006BC11D /* Info.plist */,
				9B6F0B5F23687B1A00EDC31A /* AboutViewController.swift */,
				9B6F0B612368840B00EDC31A /* BullsEye.html */,
			);
			path = BullEye;
			sourceTree = "<group>";
		};
/* End PBXGroup section */

/* Begin PBXNativeTarget section */
		9B0A92AF23632789006BC11D /* BullEye */ = {
			isa = PBXNativeTarget;
			buildConfigurationList = 9B0A92C22363278A006BC11D /* Build configuration list for PBXNativeTarget "BullEye" */;
			buildPhases = (
				9B0A92AC23632789006BC11D /* Sources */,
				9B0A92AD23632789006BC11D /* Frameworks */,
				9B0A92AE23632789006BC11D /* Resources */,
			);
			buildRules = (
			);
			dependencies = (
			);
			name = BullEye;
			productName = BullEye;
			productReference = 9B0A92B023632789006BC11D /* BullEye.app */;
			productType = "com.apple.product-type.application";
		};
/* End PBXNativeTarget section */

/* Begin PBXProject section */
		9B0A92A823632789006BC11D /* Project object */ = {
			isa = PBXProject;
			attributes = {
				LastSwiftUpdateCheck = 1030;
				LastUpgradeCheck = 1030;
				ORGANIZATIONNAME = MacStudent;
				TargetAttributes = {
					9B0A92AF23632789006BC11D = {
						CreatedOnToolsVersion = 10.3;
					};
				};
			};
			buildConfigurationList = 9B0A92AB23632789006BC11D /* Build configuration list for PBXProject "BullEye" */;
			compatibilityVersion = "Xcode 9.3";
			developmentRegion = en;
			hasScannedForEncodings = 0;
			knownRegions = (
				en,
				Base,
			);
			mainGroup = 9B0A92A723632789006BC11D;
			productRefGroup = 9B0A92B123632789006BC11D /* Products */;
			projectDirPath = "";
			projectRoot = "";
			targets = (
				9B0A92AF23632789006BC11D /* BullEye */,
			);
		};
/* End PBXProject section */

/* Begin PBXResourcesBuildPhase section */
		9B0A92AE23632789006BC11D /* Resources */ = {
			isa = PBXResourcesBuildPhase;
			buildActionMask = 2147483647;
			files = (
				9B0A92BE2363278A006BC11D /* LaunchScreen.storyboard in Resources */,
				9B6F0B622368840B00EDC31A /* BullsEye.html in Resources */,
				9B0A92BB2363278A006BC11D /* Assets.xcassets in Resources */,
				9B0A92B923632789006BC11D /* Main.storyboard in Resources */,
			);
			runOnlyForDeploymentPostprocessing = 0;
		};
/* End PBXResourcesBuildPhase section */

/* Begin PBXSourcesBuildPhase section */
		9B0A92AC23632789006BC11D /* Sources */ = {
			isa = PBXSourcesBuildPhase;
			buildActionMask = 2147483647;
			files = (
				9B6F0B6023687B1A00EDC31A /* AboutViewController.swift in Sources */,
				9B0A92B623632789006BC11D /* ViewController.swift in Sources */,
				9B0A92B423632789006BC11D /* AppDelegate.swift in Sources */,
			);
			runOnlyForDeploymentPostprocessing = 0;
		};
/* End PBXSourcesBuildPhase section */

/* Begin PBXVariantGroup section */
		9B0A92B723632789006BC11D /* Main.storyboard */ = {
			isa = PBXVariantGroup;
			children = (
				9B0A92B823632789006BC11D /* Base */,
			);
			name = Main.storyboard;
			sourceTree = "<group>";
		};
		9B0A92BC2363278A006BC11D /* LaunchScreen.storyboard */ = {
			isa = PBXVariantGroup;
			children = (
				9B0A92BD2363278A006BC11D /* Base */,
			);
			name = LaunchScreen.storyboard;
			sourceTree = "<group>";
		};
/* End PBXVariantGroup section */

/* Begin XCBuildConfiguration section */
		9B0A92C02363278A006BC11D /* Debug */ = {
			isa = XCBuildConfiguration;
			buildSettings = {
				ALWAYS_SEARCH_USER_PATHS = NO;
				CLANG_ANALYZER_NONNULL = YES;
				CLANG_ANALYZER_NUMBER_OBJECT_CONVERSION = YES_AGGRESSIVE;
				CLANG_CXX_LANGUAGE_STANDARD = "gnu++14";
				CLANG_CXX_LIBRARY = "libc++";
				CLANG_ENABLE_MODULES = YES;
				CLANG_ENABLE_OBJC_ARC = YES;
				CLANG_ENABLE_OBJC_WEAK = YES;
				CLANG_WARN_BLOCK_CAPTURE_AUTORELEASING = YES;
				CLANG_WARN_BOOL_CONVERSION = YES;
				CLANG_WARN_COMMA = YES;
				CLANG_WARN_CONSTANT_CONVERSION = YES;
				CLANG_WARN_DEPRECATED_OBJC_IMPLEMENTATIONS = YES;
				CLANG_WARN_DIRECT_OBJC_ISA_USAGE = YES_ERROR;
				CLANG_WARN_DOCUMENTATION_COMMENTS = YES;
				CLANG_WARN_EMPTY_BODY = YES;
				CLANG_WARN_ENUM_CONVERSION = YES;
				CLANG_WARN_INFINITE_RECURSION = YES;
				CLANG_WARN_INT_CONVERSION = YES;
				CLANG_WARN_NON_LITERAL_NULL_CONVERSION = YES;
				CLANG_WARN_OBJC_IMPLICIT_RETAIN_SELF = YES;
				CLANG_WARN_OBJC_LITERAL_CONVERSION = YES;
				CLANG_WARN_OBJC_ROOT_CLASS = YES_ERROR;
				CLANG_WARN_RANGE_LOOP_ANALYSIS = YES;
				CLANG_WARN_STRICT_PROTOTYPES = YES;
				CLANG_WARN_SUSPICIOUS_MOVE = YES;
				CLANG_WARN_UNGUARDED_AVAILABILITY = YES_AGGRESSIVE;
				CLANG_WARN_UNREACHABLE_CODE = YES;
				CLANG_WARN__DUPLICATE_METHOD_MATCH = YES;
				CODE_SIGN_IDENTITY = "iPhone Developer";
				COPY_PHASE_STRIP = NO;
				DEBUG_INFORMATION_FORMAT = dwarf;
				ENABLE_STRICT_OBJC_MSGSEND = YES;
				ENABLE_TESTABILITY = YES;
				GCC_C_LANGUAGE_STANDARD = gnu11;
				GCC_DYNAMIC_NO_PIC = NO;
				GCC_NO_COMMON_BLOCKS = YES;
				GCC_OPTIMIZATION_LEVEL = 0;
				GCC_PREPROCESSOR_DEFINITIONS = (
					"DEBUG=1",
					"$(inherited)",
				);
				GCC_WARN_64_TO_32_BIT_CONVERSION = YES;
				GCC_WARN_ABOUT_RETURN_TYPE = YES_ERROR;
				GCC_WARN_UNDECLARED_SELECTOR = YES;
				GCC_WARN_UNINITIALIZED_AUTOS = YES_AGGRESSIVE;
				GCC_WARN_UNUSED_FUNCTION = YES;
				GCC_WARN_UNUSED_VARIABLE = YES;
				IPHONEOS_DEPLOYMENT_TARGET = 12.4;
				MTL_ENABLE_DEBUG_INFO = INCLUDE_SOURCE;
				MTL_FAST_MATH = YES;
				ONLY_ACTIVE_ARCH = YES;
				SDKROOT = iphoneos;
				SWIFT_ACTIVE_COMPILATION_CONDITIONS = DEBUG;
				SWIFT_OPTIMIZATION_LEVEL = "-Onone";
			};
			name = Debug;
		};
		9B0A92C12363278A006BC11D /* Release */ = {
			isa = XCBuildConfiguration;
			buildSettings = {
				ALWAYS_SEARCH_USER_PATHS = NO;
				CLANG_ANALYZER_NONNULL = YES;
				CLANG_ANALYZER_NUMBER_OBJECT_CONVERSION = YES_AGGRESSIVE;
				CLANG_CXX_LANGUAGE_STANDARD = "gnu++14";
				CLANG_CXX_LIBRARY = "libc++";
				CLANG_ENABLE_MODULES = YES;
				CLANG_ENABLE_OBJC_ARC = YES;
				CLANG_ENABLE_OBJC_WEAK = YES;
				CLANG_WARN_BLOCK_CAPTURE_AUTORELEASING = YES;
				CLANG_WARN_BOOL_CONVERSION = YES;
				CLANG_WARN_COMMA = YES;
				CLANG_WARN_CONSTANT_CONVERSION = YES;
				CLANG_WARN_DEPRECATED_OBJC_IMPLEMENTATIONS = YES;
				CLANG_WARN_DIRECT_OBJC_ISA_USAGE = YES_ERROR;
				CLANG_WARN_DOCUMENTATION_COMMENTS = YES;
				CLANG_WARN_EMPTY_BODY = YES;
				CLANG_WARN_ENUM_CONVERSION = YES;
				CLANG_WARN_INFINITE_RECURSION = YES;
				CLANG_WARN_INT_CONVERSION = YES;
				CLANG_WARN_NON_LITERAL_NULL_CONVERSION = YES;
				CLANG_WARN_OBJC_IMPLICIT_RETAIN_SELF = YES;
				CLANG_WARN_OBJC_LITERAL_CONVERSION = YES;
				CLANG_WARN_OBJC_ROOT_CLASS = YES_ERROR;
				CLANG_WARN_RANGE_LOOP_ANALYSIS = YES;
				CLANG_WARN_STRICT_PROTOTYPES = YES;
				CLANG_WARN_SUSPICIOUS_MOVE = YES;
				CLANG_WARN_UNGUARDED_AVAILABILITY = YES_AGGRESSIVE;
				CLANG_WARN_UNREACHABLE_CODE = YES;
				CLANG_WARN__DUPLICATE_METHOD_MATCH = YES;
				CODE_SIGN_IDENTITY = "iPhone Developer";
				COPY_PHASE_STRIP = NO;
				DEBUG_INFORMATION_FORMAT = "dwarf-with-dsym";
				ENABLE_NS_ASSERTIONS = NO;
				ENABLE_STRICT_OBJC_MSGSEND = YES;
				GCC_C_LANGUAGE_STANDARD = gnu11;
				GCC_NO_COMMON_BLOCKS = YES;
				GCC_WARN_64_TO_32_BIT_CONVERSION = YES;
				GCC_WARN_ABOUT_RETURN_TYPE = YES_ERROR;
				GCC_WARN_UNDECLARED_SELECTOR = YES;
				GCC_WARN_UNINITIALIZED_AUTOS = YES_AGGRESSIVE;
				GCC_WARN_UNUSED_FUNCTION = YES;
				GCC_WARN_UNUSED_VARIABLE = YES;
				IPHONEOS_DEPLOYMENT_TARGET = 12.4;
				MTL_ENABLE_DEBUG_INFO = NO;
				MTL_FAST_MATH = YES;
				SDKROOT = iphoneos;
				SWIFT_COMPILATION_MODE = wholemodule;
				SWIFT_OPTIMIZATION_LEVEL = "-O";
				VALIDATE_PRODUCT = YES;
			};
			name = Release;
		};
		9B0A92C32363278A006BC11D /* Debug */ = {
			isa = XCBuildConfiguration;
			buildSettings = {
				ASSETCATALOG_COMPILER_APPICON_NAME = AppIcon;
				CODE_SIGN_STYLE = Automatic;
				INFOPLIST_FILE = BullEye/Info.plist;
				LD_RUNPATH_SEARCH_PATHS = (
					"$(inherited)",
					"@executable_path/Frameworks",
				);
				PRODUCT_BUNDLE_IDENTIFIER = com.someplay.BullEye;
				PRODUCT_NAME = "$(TARGET_NAME)";
				SWIFT_VERSION = 5.0;
				TARGETED_DEVICE_FAMILY = "1,2";
			};
			name = Debug;
		};
		9B0A92C42363278A006BC11D /* Release */ = {
			isa = XCBuildConfiguration;
			buildSettings = {
				ASSETCATALOG_COMPILER_APPICON_NAME = AppIcon;
				CODE_SIGN_STYLE = Automatic;
				INFOPLIST_FILE = BullEye/Info.plist;
				LD_RUNPATH_SEARCH_PATHS = (
					"$(inherited)",
					"@executable_path/Frameworks",
				);
				PRODUCT_BUNDLE_IDENTIFIER = com.someplay.BullEye;
				PRODUCT_NAME = "$(TARGET_NAME)";
				SWIFT_VERSION = 5.0;
				TARGETED_DEVICE_FAMILY = "1,2";
			};
			name = Release;
		};
/* End XCBuildConfiguration section */

/* Begin XCConfigurationList section */
		9B0A92AB23632789006BC11D /* Build configuration list for PBXProject "BullEye" */ = {
			isa = XCConfigurationList;
			buildConfigurations = (
				9B0A92C02363278A006BC11D /* Debug */,
				9B0A92C12363278A006BC11D /* Release */,
			);
			defaultConfigurationIsVisible = 0;
			defaultConfigurationName = Release;
		};
		9B0A92C22363278A006BC11D /* Build configuration list for PBXNativeTarget "BullEye" */ = {
			isa = XCConfigurationList;
			buildConfigurations = (
				9B0A92C32363278A006BC11D /* Debug */,
				9B0A92C42363278A006BC11D /* Release */,
			);
			defaultConfigurationIsVisible = 0;
			defaultConfigurationName = Release;
		};
/* End XCConfigurationList section */
	};
	rootObject = 9B0A92A823632789006BC11D /* Project object */;
}
